// !$*UTF8*$!
{
	archiveVersion = 1;
	classes = {
	};
	objectVersion = 50;
	objects = {

/* Begin PBXBuildFile section */
		F1A937F92495468B000F703E /* AppDelegate.swift in Sources */ = {isa = PBXBuildFile; fileRef = F1A937F82495468B000F703E /* AppDelegate.swift */; };
		F1A937FB2495468B000F703E /* SceneDelegate.swift in Sources */ = {isa = PBXBuildFile; fileRef = F1A937FA2495468B000F703E /* SceneDelegate.swift */; };
		F1A937FD2495468B000F703E /* ViewController.swift in Sources */ = {isa = PBXBuildFile; fileRef = F1A937FC2495468B000F703E /* ViewController.swift */; };
		F1A938002495468B000F703E /* Main.storyboard in Resources */ = {isa = PBXBuildFile; fileRef = F1A937FE2495468B000F703E /* Main.storyboard */; };
		F1A938022495468C000F703E /* Assets.xcassets in Resources */ = {isa = PBXBuildFile; fileRef = F1A938012495468C000F703E /* Assets.xcassets */; };
		F1A938052495468C000F703E /* LaunchScreen.storyboard in Resources */ = {isa = PBXBuildFile; fileRef = F1A938032495468C000F703E /* LaunchScreen.storyboard */; };
		F1A938102495468C000F703E /* moviesTests.swift in Sources */ = {isa = PBXBuildFile; fileRef = F1A9380F2495468C000F703E /* moviesTests.swift */; };
		F1A9381B2495468C000F703E /* moviesUITests.swift in Sources */ = {isa = PBXBuildFile; fileRef = F1A9381A2495468C000F703E /* moviesUITests.swift */; };
/* End PBXBuildFile section */

/* Begin PBXContainerItemProxy section */
		F1A9380C2495468C000F703E /* PBXContainerItemProxy */ = {
			isa = PBXContainerItemProxy;
			containerPortal = F1A937ED2495468B000F703E /* Project object */;
			proxyType = 1;
			remoteGlobalIDString = F1A937F42495468B000F703E;
			remoteInfo = movies;
		};
		F1A938172495468C000F703E /* PBXContainerItemProxy */ = {
			isa = PBXContainerItemProxy;
			containerPortal = F1A937ED2495468B000F703E /* Project object */;
			proxyType = 1;
			remoteGlobalIDString = F1A937F42495468B000F703E;
			remoteInfo = movies;
		};
/* End PBXContainerItemProxy section */

/* Begin PBXFileReference section */
		F1A937F52495468B000F703E /* movies.app */ = {isa = PBXFileReference; explicitFileType = wrapper.application; includeInIndex = 0; path = movies.app; sourceTree = BUILT_PRODUCTS_DIR; };
		F1A937F82495468B000F703E /* AppDelegate.swift */ = {isa = PBXFileReference; lastKnownFileType = sourcecode.swift; path = AppDelegate.swift; sourceTree = "<group>"; };
		F1A937FA2495468B000F703E /* SceneDelegate.swift */ = {isa = PBXFileReference; lastKnownFileType = sourcecode.swift; path = SceneDelegate.swift; sourceTree = "<group>"; };
		F1A937FC2495468B000F703E /* ViewController.swift */ = {isa = PBXFileReference; lastKnownFileType = sourcecode.swift; path = ViewController.swift; sourceTree = "<group>"; };
		F1A937FF2495468B000F703E /* Base */ = {isa = PBXFileReference; lastKnownFileType = file.storyboard; name = Base; path = Base.lproj/Main.storyboard; sourceTree = "<group>"; };
		F1A938012495468C000F703E /* Assets.xcassets */ = {isa = PBXFileReference; lastKnownFileType = folder.assetcatalog; path = Assets.xcassets; sourceTree = "<group>"; };
		F1A938042495468C000F703E /* Base */ = {isa = PBXFileReference; lastKnownFileType = file.storyboard; name = Base; path = Base.lproj/LaunchScreen.storyboard; sourceTree = "<group>"; };
		F1A938062495468C000F703E /* Info.plist */ = {isa = PBXFileReference; lastKnownFileType = text.plist.xml; path = Info.plist; sourceTree = "<group>"; };
		F1A9380B2495468C000F703E /* moviesTests.xctest */ = {isa = PBXFileReference; explicitFileType = wrapper.cfbundle; includeInIndex = 0; path = moviesTests.xctest; sourceTree = BUILT_PRODUCTS_DIR; };
		F1A9380F2495468C000F703E /* moviesTests.swift */ = {isa = PBXFileReference; lastKnownFileType = sourcecode.swift; path = moviesTests.swift; sourceTree = "<group>"; };
		F1A938112495468C000F703E /* Info.plist */ = {isa = PBXFileReference; lastKnownFileType = text.plist.xml; path = Info.plist; sourceTree = "<group>"; };
		F1A938162495468C000F703E /* moviesUITests.xctest */ = {isa = PBXFileReference; explicitFileType = wrapper.cfbundle; includeInIndex = 0; path = moviesUITests.xctest; sourceTree = BUILT_PRODUCTS_DIR; };
		F1A9381A2495468C000F703E /* moviesUITests.swift */ = {isa = PBXFileReference; lastKnownFileType = sourcecode.swift; path = moviesUITests.swift; sourceTree = "<group>"; };
		F1A9381C2495468C000F703E /* Info.plist */ = {isa = PBXFileReference; lastKnownFileType = text.plist.xml; path = Info.plist; sourceTree = "<group>"; };
/* End PBXFileReference section */

/* Begin PBXFrameworksBuildPhase section */
		F1A937F22495468B000F703E /* Frameworks */ = {
			isa = PBXFrameworksBuildPhase;
			buildActionMask = 2147483647;
			files = (
			);
			runOnlyForDeploymentPostprocessing = 0;
		};
		F1A938082495468C000F703E /* Frameworks */ = {
			isa = PBXFrameworksBuildPhase;
			buildActionMask = 2147483647;
			files = (
			);
			runOnlyForDeploymentPostprocessing = 0;
		};
		F1A938132495468C000F703E /* Frameworks */ = {
			isa = PBXFrameworksBuildPhase;
			buildActionMask = 2147483647;
			files = (
			);
			runOnlyForDeploymentPostprocessing = 0;
		};
/* End PBXFrameworksBuildPhase section */

/* Begin PBXGroup section */
		F1A937EC2495468B000F703E = {
			isa = PBXGroup;
			children = (
				F1A937F72495468B000F703E /* movies */,
				F1A9380E2495468C000F703E /* moviesTests */,
				F1A938192495468C000F703E /* moviesUITests */,
				F1A937F62495468B000F703E /* Products */,
			);
			sourceTree = "<group>";
		};
		F1A937F62495468B000F703E /* Products */ = {
			isa = PBXGroup;
			children = (
				F1A937F52495468B000F703E /* movies.app */,
				F1A9380B2495468C000F703E /* moviesTests.xctest */,
				F1A938162495468C000F703E /* moviesUITests.xctest */,
			);
			name = Products;
			sourceTree = "<group>";
		};
		F1A937F72495468B000F703E /* movies */ = {
			isa = PBXGroup;
			children = (
				F1A937F82495468B000F703E /* AppDelegate.swift */,
				F1A937FA2495468B000F703E /* SceneDelegate.swift */,
				F1A937FC2495468B000F703E /* ViewController.swift */,
				F1A937FE2495468B000F703E /* Main.storyboard */,
				F1A938012495468C000F703E /* Assets.xcassets */,
				F1A938032495468C000F703E /* LaunchScreen.storyboard */,
				F1A938062495468C000F703E /* Info.plist */,
			);
			path = movies;
			sourceTree = "<group>";
		};
		F1A9380E2495468C000F703E /* moviesTests */ = {
			isa = PBXGroup;
			children = (
				F1A9380F2495468C000F703E /* moviesTests.swift */,
				F1A938112495468C000F703E /* Info.plist */,
			);
			path = moviesTests;
			sourceTree = "<group>";
		};
		F1A938192495468C000F703E /* moviesUITests */ = {
			isa = PBXGroup;
			children = (
				F1A9381A2495468C000F703E /* moviesUITests.swift */,
				F1A9381C2495468C000F703E /* Info.plist */,
			);
			path = moviesUITests;
			sourceTree = "<group>";
		};
/* End PBXGroup section */

/* Begin PBXNativeTarget section */
		F1A937F42495468B000F703E /* movies */ = {
			isa = PBXNativeTarget;
			buildConfigurationList = F1A9381F2495468C000F703E /* Build configuration list for PBXNativeTarget "movies" */;
			buildPhases = (
				F1A937F12495468B000F703E /* Sources */,
				F1A937F22495468B000F703E /* Frameworks */,
				F1A937F32495468B000F703E /* Resources */,
			);
			buildRules = (
			);
			dependencies = (
			);
			name = movies;
			productName = movies;
			productReference = F1A937F52495468B000F703E /* movies.app */;
			productType = "com.apple.product-type.application";
		};
		F1A9380A2495468C000F703E /* moviesTests */ = {
			isa = PBXNativeTarget;
			buildConfigurationList = F1A938222495468C000F703E /* Build configuration list for PBXNativeTarget "moviesTests" */;
			buildPhases = (
				F1A938072495468C000F703E /* Sources */,
				F1A938082495468C000F703E /* Frameworks */,
				F1A938092495468C000F703E /* Resources */,
			);
			buildRules = (
			);
			dependencies = (
				F1A9380D2495468C000F703E /* PBXTargetDependency */,
			);
			name = moviesTests;
			productName = moviesTests;
			productReference = F1A9380B2495468C000F703E /* moviesTests.xctest */;
			productType = "com.apple.product-type.bundle.unit-test";
		};
		F1A938152495468C000F703E /* moviesUITests */ = {
			isa = PBXNativeTarget;
			buildConfigurationList = F1A938252495468C000F703E /* Build configuration list for PBXNativeTarget "moviesUITests" */;
			buildPhases = (
				F1A938122495468C000F703E /* Sources */,
				F1A938132495468C000F703E /* Frameworks */,
				F1A938142495468C000F703E /* Resources */,
			);
			buildRules = (
			);
			dependencies = (
				F1A938182495468C000F703E /* PBXTargetDependency */,
			);
			name = moviesUITests;
			productName = moviesUITests;
			productReference = F1A938162495468C000F703E /* moviesUITests.xctest */;
			productType = "com.apple.product-type.bundle.ui-testing";
		};
/* End PBXNativeTarget section */

/* Begin PBXProject section */
		F1A937ED2495468B000F703E /* Project object */ = {
			isa = PBXProject;
			attributes = {
				LastSwiftUpdateCheck = 1130;
				LastUpgradeCheck = 1130;
				ORGANIZATIONNAME = SWVL;
				TargetAttributes = {
					F1A937F42495468B000F703E = {
						CreatedOnToolsVersion = 11.3;
					};
					F1A9380A2495468C000F703E = {
						CreatedOnToolsVersion = 11.3;
						TestTargetID = F1A937F42495468B000F703E;
					};
					F1A938152495468C000F703E = {
						CreatedOnToolsVersion = 11.3;
						TestTargetID = F1A937F42495468B000F703E;
					};
				};
			};
			buildConfigurationList = F1A937F02495468B000F703E /* Build configuration list for PBXProject "movies" */;
			compatibilityVersion = "Xcode 9.3";
			developmentRegion = en;
			hasScannedForEncodings = 0;
			knownRegions = (
				en,
				Base,
			);
			mainGroup = F1A937EC2495468B000F703E;
			productRefGroup = F1A937F62495468B000F703E /* Products */;
			projectDirPath = "";
			projectRoot = "";
			targets = (
				F1A937F42495468B000F703E /* movies */,
				F1A9380A2495468C000F703E /* moviesTests */,
				F1A938152495468C000F703E /* moviesUITests */,
			);
		};
/* End PBXProject section */

/* Begin PBXResourcesBuildPhase section */
		F1A937F32495468B000F703E /* Resources */ = {
			isa = PBXResourcesBuildPhase;
			buildActionMask = 2147483647;
			files = (
				F1A938052495468C000F703E /* LaunchScreen.storyboard in Resources */,
				F1A938022495468C000F703E /* Assets.xcassets in Resources */,
				F1A938002495468B000F703E /* Main.storyboard in Resources */,
			);
			runOnlyForDeploymentPostprocessing = 0;
		};
		F1A938092495468C000F703E /* Resources */ = {
			isa = PBXResourcesBuildPhase;
			buildActionMask = 2147483647;
			files = (
			);
			runOnlyForDeploymentPostprocessing = 0;
		};
		F1A938142495468C000F703E /* Resources */ = {
			isa = PBXResourcesBuildPhase;
			buildActionMask = 2147483647;
			files = (
			);
			runOnlyForDeploymentPostprocessing = 0;
		};
/* End PBXResourcesBuildPhase section */

/* Begin PBXSourcesBuildPhase section */
		F1A937F12495468B000F703E /* Sources */ = {
			isa = PBXSourcesBuildPhase;
			buildActionMask = 2147483647;
			files = (
				F1A937FD2495468B000F703E /* ViewController.swift in Sources */,
				F1A937F92495468B000F703E /* AppDelegate.swift in Sources */,
				F1A937FB2495468B000F703E /* SceneDelegate.swift in Sources */,
			);
			runOnlyForDeploymentPostprocessing = 0;
		};
		F1A938072495468C000F703E /* Sources */ = {
			isa = PBXSourcesBuildPhase;
			buildActionMask = 2147483647;
			files = (
				F1A938102495468C000F703E /* moviesTests.swift in Sources */,
			);
			runOnlyForDeploymentPostprocessing = 0;
		};
		F1A938122495468C000F703E /* Sources */ = {
			isa = PBXSourcesBuildPhase;
			buildActionMask = 2147483647;
			files = (
				F1A9381B2495468C000F703E /* moviesUITests.swift in Sources */,
			);
			runOnlyForDeploymentPostprocessing = 0;
		};
/* End PBXSourcesBuildPhase section */

/* Begin PBXTargetDependency section */
		F1A9380D2495468C000F703E /* PBXTargetDependency */ = {
			isa = PBXTargetDependency;
			target = F1A937F42495468B000F703E /* movies */;
			targetProxy = F1A9380C2495468C000F703E /* PBXContainerItemProxy */;
		};
		F1A938182495468C000F703E /* PBXTargetDependency */ = {
			isa = PBXTargetDependency;
			target = F1A937F42495468B000F703E /* movies */;
			targetProxy = F1A938172495468C000F703E /* PBXContainerItemProxy */;
		};
/* End PBXTargetDependency section */

/* Begin PBXVariantGroup section */
		F1A937FE2495468B000F703E /* Main.storyboard */ = {
			isa = PBXVariantGroup;
			children = (
				F1A937FF2495468B000F703E /* Base */,
			);
			name = Main.storyboard;
			sourceTree = "<group>";
		};
		F1A938032495468C000F703E /* LaunchScreen.storyboard */ = {
			isa = PBXVariantGroup;
			children = (
				F1A938042495468C000F703E /* Base */,
			);
			name = LaunchScreen.storyboard;
			sourceTree = "<group>";
		};
/* End PBXVariantGroup section */

/* Begin XCBuildConfiguration section */
		F1A9381D2495468C000F703E /* Debug */ = {
			isa = XCBuildConfiguration;
			buildSettings = {
				ALWAYS_SEARCH_USER_PATHS = NO;
				CLANG_ANALYZER_NONNULL = YES;
				CLANG_ANALYZER_NUMBER_OBJECT_CONVERSION = YES_AGGRESSIVE;
				CLANG_CXX_LANGUAGE_STANDARD = "gnu++14";
				CLANG_CXX_LIBRARY = "libc++";
				CLANG_ENABLE_MODULES = YES;
				CLANG_ENABLE_OBJC_ARC = YES;
				CLANG_ENABLE_OBJC_WEAK = YES;
				CLANG_WARN_BLOCK_CAPTURE_AUTORELEASING = YES;
				CLANG_WARN_BOOL_CONVERSION = YES;
				CLANG_WARN_COMMA = YES;
				CLANG_WARN_CONSTANT_CONVERSION = YES;
				CLANG_WARN_DEPRECATED_OBJC_IMPLEMENTATIONS = YES;
				CLANG_WARN_DIRECT_OBJC_ISA_USAGE = YES_ERROR;
				CLANG_WARN_DOCUMENTATION_COMMENTS = YES;
				CLANG_WARN_EMPTY_BODY = YES;
				CLANG_WARN_ENUM_CONVERSION = YES;
				CLANG_WARN_INFINITE_RECURSION = YES;
				CLANG_WARN_INT_CONVERSION = YES;
				CLANG_WARN_NON_LITERAL_NULL_CONVERSION = YES;
				CLANG_WARN_OBJC_IMPLICIT_RETAIN_SELF = YES;
				CLANG_WARN_OBJC_LITERAL_CONVERSION = YES;
				CLANG_WARN_OBJC_ROOT_CLASS = YES_ERROR;
				CLANG_WARN_RANGE_LOOP_ANALYSIS = YES;
				CLANG_WARN_STRICT_PROTOTYPES = YES;
				CLANG_WARN_SUSPICIOUS_MOVE = YES;
				CLANG_WARN_UNGUARDED_AVAILABILITY = YES_AGGRESSIVE;
				CLANG_WARN_UNREACHABLE_CODE = YES;
				CLANG_WARN__DUPLICATE_METHOD_MATCH = YES;
				COPY_PHASE_STRIP = NO;
				DEBUG_INFORMATION_FORMAT = dwarf;
				ENABLE_STRICT_OBJC_MSGSEND = YES;
				ENABLE_TESTABILITY = YES;
				GCC_C_LANGUAGE_STANDARD = gnu11;
				GCC_DYNAMIC_NO_PIC = NO;
				GCC_NO_COMMON_BLOCKS = YES;
				GCC_OPTIMIZATION_LEVEL = 0;
				GCC_PREPROCESSOR_DEFINITIONS = (
					"DEBUG=1",
					"$(inherited)",
				);
				GCC_WARN_64_TO_32_BIT_CONVERSION = YES;
				GCC_WARN_ABOUT_RETURN_TYPE = YES_ERROR;
				GCC_WARN_UNDECLARED_SELECTOR = YES;
				GCC_WARN_UNINITIALIZED_AUTOS = YES_AGGRESSIVE;
				GCC_WARN_UNUSED_FUNCTION = YES;
				GCC_WARN_UNUSED_VARIABLE = YES;
				IPHONEOS_DEPLOYMENT_TARGET = 13.2;
				MTL_ENABLE_DEBUG_INFO = INCLUDE_SOURCE;
				MTL_FAST_MATH = YES;
				ONLY_ACTIVE_ARCH = YES;
				SDKROOT = iphoneos;
				SWIFT_ACTIVE_COMPILATION_CONDITIONS = DEBUG;
				SWIFT_OPTIMIZATION_LEVEL = "-Onone";
			};
			name = Debug;
		};
		F1A9381E2495468C000F703E /* Release */ = {
			isa = XCBuildConfiguration;
			buildSettings = {
				ALWAYS_SEARCH_USER_PATHS = NO;
				CLANG_ANALYZER_NONNULL = YES;
				CLANG_ANALYZER_NUMBER_OBJECT_CONVERSION = YES_AGGRESSIVE;
				CLANG_CXX_LANGUAGE_STANDARD = "gnu++14";
				CLANG_CXX_LIBRARY = "libc++";
				CLANG_ENABLE_MODULES = YES;
				CLANG_ENABLE_OBJC_ARC = YES;
				CLANG_ENABLE_OBJC_WEAK = YES;
				CLANG_WARN_BLOCK_CAPTURE_AUTORELEASING = YES;
				CLANG_WARN_BOOL_CONVERSION = YES;
				CLANG_WARN_COMMA = YES;
				CLANG_WARN_CONSTANT_CONVERSION = YES;
				CLANG_WARN_DEPRECATED_OBJC_IMPLEMENTATIONS = YES;
				CLANG_WARN_DIRECT_OBJC_ISA_USAGE = YES_ERROR;
				CLANG_WARN_DOCUMENTATION_COMMENTS = YES;
				CLANG_WARN_EMPTY_BODY = YES;
				CLANG_WARN_ENUM_CONVERSION = YES;
				CLANG_WARN_INFINITE_RECURSION = YES;
				CLANG_WARN_INT_CONVERSION = YES;
				CLANG_WARN_NON_LITERAL_NULL_CONVERSION = YES;
				CLANG_WARN_OBJC_IMPLICIT_RETAIN_SELF = YES;
				CLANG_WARN_OBJC_LITERAL_CONVERSION = YES;
				CLANG_WARN_OBJC_ROOT_CLASS = YES_ERROR;
				CLANG_WARN_RANGE_LOOP_ANALYSIS = YES;
				CLANG_WARN_STRICT_PROTOTYPES = YES;
				CLANG_WARN_SUSPICIOUS_MOVE = YES;
				CLANG_WARN_UNGUARDED_AVAILABILITY = YES_AGGRESSIVE;
				CLANG_WARN_UNREACHABLE_CODE = YES;
				CLANG_WARN__DUPLICATE_METHOD_MATCH = YES;
				COPY_PHASE_STRIP = NO;
				DEBUG_INFORMATION_FORMAT = "dwarf-with-dsym";
				ENABLE_NS_ASSERTIONS = NO;
				ENABLE_STRICT_OBJC_MSGSEND = YES;
				GCC_C_LANGUAGE_STANDARD = gnu11;
				GCC_NO_COMMON_BLOCKS = YES;
				GCC_WARN_64_TO_32_BIT_CONVERSION = YES;
				GCC_WARN_ABOUT_RETURN_TYPE = YES_ERROR;
				GCC_WARN_UNDECLARED_SELECTOR = YES;
				GCC_WARN_UNINITIALIZED_AUTOS = YES_AGGRESSIVE;
				GCC_WARN_UNUSED_FUNCTION = YES;
				GCC_WARN_UNUSED_VARIABLE = YES;
				IPHONEOS_DEPLOYMENT_TARGET = 13.2;
				MTL_ENABLE_DEBUG_INFO = NO;
				MTL_FAST_MATH = YES;
				SDKROOT = iphoneos;
				SWIFT_COMPILATION_MODE = wholemodule;
				SWIFT_OPTIMIZATION_LEVEL = "-O";
				VALIDATE_PRODUCT = YES;
			};
			name = Release;
		};
		F1A938202495468C000F703E /* Debug */ = {
			isa = XCBuildConfiguration;
			buildSettings = {
				ASSETCATALOG_COMPILER_APPICON_NAME = AppIcon;
				CODE_SIGN_STYLE = Automatic;
				INFOPLIST_FILE = movies/Info.plist;
				LD_RUNPATH_SEARCH_PATHS = (
					"$(inherited)",
					"@executable_path/Frameworks",
				);
				PRODUCT_BUNDLE_IDENTIFIER = example.swvl.test.movies;
				PRODUCT_NAME = "$(TARGET_NAME)";
				SWIFT_VERSION = 5.0;
				TARGETED_DEVICE_FAMILY = "1,2";
			};
			name = Debug;
		};
		F1A938212495468C000F703E /* Release */ = {
			isa = XCBuildConfiguration;
			buildSettings = {
				ASSETCATALOG_COMPILER_APPICON_NAME = AppIcon;
				CODE_SIGN_STYLE = Automatic;
				INFOPLIST_FILE = movies/Info.plist;
				LD_RUNPATH_SEARCH_PATHS = (
					"$(inherited)",
					"@executable_path/Frameworks",
				);
				PRODUCT_BUNDLE_IDENTIFIER = example.swvl.test.movies;
				PRODUCT_NAME = "$(TARGET_NAME)";
				SWIFT_VERSION = 5.0;
				TARGETED_DEVICE_FAMILY = "1,2";
			};
			name = Release;
		};
		F1A938232495468C000F703E /* Debug */ = {
			isa = XCBuildConfiguration;
			buildSettings = {
				ALWAYS_EMBED_SWIFT_STANDARD_LIBRARIES = YES;
				BUNDLE_LOADER = "$(TEST_HOST)";
				CODE_SIGN_STYLE = Automatic;
				INFOPLIST_FILE = moviesTests/Info.plist;
				IPHONEOS_DEPLOYMENT_TARGET = 13.2;
				LD_RUNPATH_SEARCH_PATHS = (
					"$(inherited)",
					"@executable_path/Frameworks",
					"@loader_path/Frameworks",
				);
				PRODUCT_BUNDLE_IDENTIFIER = example.swvl.test.moviesTests;
				PRODUCT_NAME = "$(TARGET_NAME)";
				SWIFT_VERSION = 5.0;
				TARGETED_DEVICE_FAMILY = "1,2";
				TEST_HOST = "$(BUILT_PRODUCTS_DIR)/movies.app/movies";
			};
			name = Debug;
		};
		F1A938242495468C000F703E /* Release */ = {
			isa = XCBuildConfiguration;
			buildSettings = {
				ALWAYS_EMBED_SWIFT_STANDARD_LIBRARIES = YES;
				BUNDLE_LOADER = "$(TEST_HOST)";
				CODE_SIGN_STYLE = Automatic;
				INFOPLIST_FILE = moviesTests/Info.plist;
				IPHONEOS_DEPLOYMENT_TARGET = 13.2;
				LD_RUNPATH_SEARCH_PATHS = (
					"$(inherited)",
					"@executable_path/Frameworks",
					"@loader_path/Frameworks",
				);
				PRODUCT_BUNDLE_IDENTIFIER = example.swvl.test.moviesTests;
				PRODUCT_NAME = "$(TARGET_NAME)";
				SWIFT_VERSION = 5.0;
				TARGETED_DEVICE_FAMILY = "1,2";
				TEST_HOST = "$(BUILT_PRODUCTS_DIR)/movies.app/movies";
			};
			name = Release;
		};
		F1A938262495468C000F703E /* Debug */ = {
			isa = XCBuildConfiguration;
			buildSettings = {
				ALWAYS_EMBED_SWIFT_STANDARD_LIBRARIES = YES;
				CODE_SIGN_STYLE = Automatic;
				INFOPLIST_FILE = moviesUITests/Info.plist;
				LD_RUNPATH_SEARCH_PATHS = (
					"$(inherited)",
					"@executable_path/Frameworks",
					"@loader_path/Frameworks",
				);
				PRODUCT_BUNDLE_IDENTIFIER = example.swvl.test.moviesUITests;
				PRODUCT_NAME = "$(TARGET_NAME)";
				SWIFT_VERSION = 5.0;
				TARGETED_DEVICE_FAMILY = "1,2";
				TEST_TARGET_NAME = movies;
			};
			name = Debug;
		};
		F1A938272495468C000F703E /* Release */ = {
			isa = XCBuildConfiguration;
			buildSettings = {
				ALWAYS_EMBED_SWIFT_STANDARD_LIBRARIES = YES;
				CODE_SIGN_STYLE = Automatic;
				INFOPLIST_FILE = moviesUITests/Info.plist;
				LD_RUNPATH_SEARCH_PATHS = (
					"$(inherited)",
					"@executable_path/Frameworks",
					"@loader_path/Frameworks",
				);
				PRODUCT_BUNDLE_IDENTIFIER = example.swvl.test.moviesUITests;
				PRODUCT_NAME = "$(TARGET_NAME)";
				SWIFT_VERSION = 5.0;
				TARGETED_DEVICE_FAMILY = "1,2";
				TEST_TARGET_NAME = movies;
			};
			name = Release;
		};
/* End XCBuildConfiguration section */

/* Begin XCConfigurationList section */
		F1A937F02495468B000F703E /* Build configuration list for PBXProject "movies" */ = {
			isa = XCConfigurationList;
			buildConfigurations = (
				F1A9381D2495468C000F703E /* Debug */,
				F1A9381E2495468C000F703E /* Release */,
			);
			defaultConfigurationIsVisible = 0;
			defaultConfigurationName = Release;
		};
		F1A9381F2495468C000F703E /* Build configuration list for PBXNativeTarget "movies" */ = {
			isa = XCConfigurationList;
			buildConfigurations = (
				F1A938202495468C000F703E /* Debug */,
				F1A938212495468C000F703E /* Release */,
			);
			defaultConfigurationIsVisible = 0;
			defaultConfigurationName = Release;
		};
		F1A938222495468C000F703E /* Build configuration list for PBXNativeTarget "moviesTests" */ = {
			isa = XCConfigurationList;
			buildConfigurations = (
				F1A938232495468C000F703E /* Debug */,
				F1A938242495468C000F703E /* Release */,
			);
			defaultConfigurationIsVisible = 0;
			defaultConfigurationName = Release;
		};
		F1A938252495468C000F703E /* Build configuration list for PBXNativeTarget "moviesUITests" */ = {
			isa = XCConfigurationList;
			buildConfigurations = (
				F1A938262495468C000F703E /* Debug */,
				F1A938272495468C000F703E /* Release */,
			);
			defaultConfigurationIsVisible = 0;
			defaultConfigurationName = Release;
		};
/* End XCConfigurationList section */
	};
	rootObject = F1A937ED2495468B000F703E /* Project object */;
}
