// !$*UTF8*$!
{
	archiveVersion = 1;
	classes = {
	};
	objectVersion = 50;
	objects = {

/* Begin PBXBuildFile section */
		F1A937F92495468B000F703E /* AppDelegate.swift in Sources */ = {isa = PBXBuildFile; fileRef = F1A937F82495468B000F703E /* AppDelegate.swift */; };
		F1A937FB2495468B000F703E /* SceneDelegate.swift in Sources */ = {isa = PBXBuildFile; fileRef = F1A937FA2495468B000F703E /* SceneDelegate.swift */; };
		F1A938002495468B000F703E /* Main.storyboard in Resources */ = {isa = PBXBuildFile; fileRef = F1A937FE2495468B000F703E /* Main.storyboard */; };
		F1A938022495468C000F703E /* Assets.xcassets in Resources */ = {isa = PBXBuildFile; fileRef = F1A938012495468C000F703E /* Assets.xcassets */; };
		F1A938052495468C000F703E /* LaunchScreen.storyboard in Resources */ = {isa = PBXBuildFile; fileRef = F1A938032495468C000F703E /* LaunchScreen.storyboard */; };
		F1A938102495468C000F703E /* moviesTests.swift in Sources */ = {isa = PBXBuildFile; fileRef = F1A9380F2495468C000F703E /* moviesTests.swift */; };
		F1A9381B2495468C000F703E /* moviesUITests.swift in Sources */ = {isa = PBXBuildFile; fileRef = F1A9381A2495468C000F703E /* moviesUITests.swift */; };
		F1A9384424954F39000F703E /* SplitViewController.swift in Sources */ = {isa = PBXBuildFile; fileRef = F1A9384324954F39000F703E /* SplitViewController.swift */; };
		F1A9384624954F61000F703E /* SplitWireframe.swift in Sources */ = {isa = PBXBuildFile; fileRef = F1A9384524954F61000F703E /* SplitWireframe.swift */; };
		F1A9384824954F99000F703E /* SplitProtocols.swift in Sources */ = {isa = PBXBuildFile; fileRef = F1A9384724954F99000F703E /* SplitProtocols.swift */; };
		F1A9384A24954FC6000F703E /* SplashViewController.swift in Sources */ = {isa = PBXBuildFile; fileRef = F1A9384924954FC6000F703E /* SplashViewController.swift */; };
		F1A9384C24954FDE000F703E /* SplashPresenter.swift in Sources */ = {isa = PBXBuildFile; fileRef = F1A9384B24954FDE000F703E /* SplashPresenter.swift */; };
		F1A9384E24954FF2000F703E /* SplashInteractor.swift in Sources */ = {isa = PBXBuildFile; fileRef = F1A9384D24954FF2000F703E /* SplashInteractor.swift */; };
		F1A9385024955005000F703E /* SplashProtocol.swift in Sources */ = {isa = PBXBuildFile; fileRef = F1A9384F24955005000F703E /* SplashProtocol.swift */; };
		F1A9385224955019000F703E /* SplashWireframe.swift in Sources */ = {isa = PBXBuildFile; fileRef = F1A9385124955019000F703E /* SplashWireframe.swift */; };
		F1A938542495507B000F703E /* MoviesListViewController.swift in Sources */ = {isa = PBXBuildFile; fileRef = F1A938532495507B000F703E /* MoviesListViewController.swift */; };
		F1A938562495508F000F703E /* MoviesListPresenter.swift in Sources */ = {isa = PBXBuildFile; fileRef = F1A938552495508F000F703E /* MoviesListPresenter.swift */; };
		F1A93858249550A0000F703E /* MoviesListInteractor.swift in Sources */ = {isa = PBXBuildFile; fileRef = F1A93857249550A0000F703E /* MoviesListInteractor.swift */; };
		F1A9385A249550B2000F703E /* MoviesListWireframe.swift in Sources */ = {isa = PBXBuildFile; fileRef = F1A93859249550B2000F703E /* MoviesListWireframe.swift */; };
		F1A9385C249550C4000F703E /* MoviesListProtocols.swift in Sources */ = {isa = PBXBuildFile; fileRef = F1A9385B249550C4000F703E /* MoviesListProtocols.swift */; };
		F1A9385E249550F8000F703E /* MovieDetailViewController.swift in Sources */ = {isa = PBXBuildFile; fileRef = F1A9385D249550F8000F703E /* MovieDetailViewController.swift */; };
		F1A9386024955107000F703E /* MovieDetailPresenter.swift in Sources */ = {isa = PBXBuildFile; fileRef = F1A9385F24955107000F703E /* MovieDetailPresenter.swift */; };
		F1A9386224955116000F703E /* MovieDetailInteractor.swift in Sources */ = {isa = PBXBuildFile; fileRef = F1A9386124955116000F703E /* MovieDetailInteractor.swift */; };
		F1A9386424955126000F703E /* MovieDetailWireframe.swift in Sources */ = {isa = PBXBuildFile; fileRef = F1A9386324955126000F703E /* MovieDetailWireframe.swift */; };
		F1A9386624955135000F703E /* MovieDetailProtocols.swift in Sources */ = {isa = PBXBuildFile; fileRef = F1A9386524955135000F703E /* MovieDetailProtocols.swift */; };
/* End PBXBuildFile section */

/* Begin PBXContainerItemProxy section */
		F1A9380C2495468C000F703E /* PBXContainerItemProxy */ = {
			isa = PBXContainerItemProxy;
			containerPortal = F1A937ED2495468B000F703E /* Project object */;
			proxyType = 1;
			remoteGlobalIDString = F1A937F42495468B000F703E;
			remoteInfo = movies;
		};
		F1A938172495468C000F703E /* PBXContainerItemProxy */ = {
			isa = PBXContainerItemProxy;
			containerPortal = F1A937ED2495468B000F703E /* Project object */;
			proxyType = 1;
			remoteGlobalIDString = F1A937F42495468B000F703E;
			remoteInfo = movies;
		};
/* End PBXContainerItemProxy section */

/* Begin PBXFileReference section */
		F1A937F52495468B000F703E /* movies.app */ = {isa = PBXFileReference; explicitFileType = wrapper.application; includeInIndex = 0; path = movies.app; sourceTree = BUILT_PRODUCTS_DIR; };
		F1A937F82495468B000F703E /* AppDelegate.swift */ = {isa = PBXFileReference; lastKnownFileType = sourcecode.swift; path = AppDelegate.swift; sourceTree = "<group>"; };
		F1A937FA2495468B000F703E /* SceneDelegate.swift */ = {isa = PBXFileReference; lastKnownFileType = sourcecode.swift; path = SceneDelegate.swift; sourceTree = "<group>"; };
		F1A937FF2495468B000F703E /* Base */ = {isa = PBXFileReference; lastKnownFileType = file.storyboard; name = Base; path = Base.lproj/Main.storyboard; sourceTree = "<group>"; };
		F1A938012495468C000F703E /* Assets.xcassets */ = {isa = PBXFileReference; lastKnownFileType = folder.assetcatalog; path = Assets.xcassets; sourceTree = "<group>"; };
		F1A938042495468C000F703E /* Base */ = {isa = PBXFileReference; lastKnownFileType = file.storyboard; name = Base; path = Base.lproj/LaunchScreen.storyboard; sourceTree = "<group>"; };
		F1A938062495468C000F703E /* Info.plist */ = {isa = PBXFileReference; lastKnownFileType = text.plist.xml; path = Info.plist; sourceTree = "<group>"; };
		F1A9380B2495468C000F703E /* moviesTests.xctest */ = {isa = PBXFileReference; explicitFileType = wrapper.cfbundle; includeInIndex = 0; path = moviesTests.xctest; sourceTree = BUILT_PRODUCTS_DIR; };
		F1A9380F2495468C000F703E /* moviesTests.swift */ = {isa = PBXFileReference; lastKnownFileType = sourcecode.swift; path = moviesTests.swift; sourceTree = "<group>"; };
		F1A938112495468C000F703E /* Info.plist */ = {isa = PBXFileReference; lastKnownFileType = text.plist.xml; path = Info.plist; sourceTree = "<group>"; };
		F1A938162495468C000F703E /* moviesUITests.xctest */ = {isa = PBXFileReference; explicitFileType = wrapper.cfbundle; includeInIndex = 0; path = moviesUITests.xctest; sourceTree = BUILT_PRODUCTS_DIR; };
		F1A9381A2495468C000F703E /* moviesUITests.swift */ = {isa = PBXFileReference; lastKnownFileType = sourcecode.swift; path = moviesUITests.swift; sourceTree = "<group>"; };
		F1A9381C2495468C000F703E /* Info.plist */ = {isa = PBXFileReference; lastKnownFileType = text.plist.xml; path = Info.plist; sourceTree = "<group>"; };
		F1A9384324954F39000F703E /* SplitViewController.swift */ = {isa = PBXFileReference; lastKnownFileType = sourcecode.swift; path = SplitViewController.swift; sourceTree = "<group>"; };
		F1A9384524954F61000F703E /* SplitWireframe.swift */ = {isa = PBXFileReference; lastKnownFileType = sourcecode.swift; path = SplitWireframe.swift; sourceTree = "<group>"; };
		F1A9384724954F99000F703E /* SplitProtocols.swift */ = {isa = PBXFileReference; lastKnownFileType = sourcecode.swift; path = SplitProtocols.swift; sourceTree = "<group>"; };
		F1A9384924954FC6000F703E /* SplashViewController.swift */ = {isa = PBXFileReference; lastKnownFileType = sourcecode.swift; path = SplashViewController.swift; sourceTree = "<group>"; };
		F1A9384B24954FDE000F703E /* SplashPresenter.swift */ = {isa = PBXFileReference; lastKnownFileType = sourcecode.swift; path = SplashPresenter.swift; sourceTree = "<group>"; };
		F1A9384D24954FF2000F703E /* SplashInteractor.swift */ = {isa = PBXFileReference; lastKnownFileType = sourcecode.swift; path = SplashInteractor.swift; sourceTree = "<group>"; };
		F1A9384F24955005000F703E /* SplashProtocol.swift */ = {isa = PBXFileReference; lastKnownFileType = sourcecode.swift; path = SplashProtocol.swift; sourceTree = "<group>"; };
		F1A9385124955019000F703E /* SplashWireframe.swift */ = {isa = PBXFileReference; lastKnownFileType = sourcecode.swift; path = SplashWireframe.swift; sourceTree = "<group>"; };
		F1A938532495507B000F703E /* MoviesListViewController.swift */ = {isa = PBXFileReference; lastKnownFileType = sourcecode.swift; path = MoviesListViewController.swift; sourceTree = "<group>"; };
		F1A938552495508F000F703E /* MoviesListPresenter.swift */ = {isa = PBXFileReference; lastKnownFileType = sourcecode.swift; path = MoviesListPresenter.swift; sourceTree = "<group>"; };
		F1A93857249550A0000F703E /* MoviesListInteractor.swift */ = {isa = PBXFileReference; lastKnownFileType = sourcecode.swift; path = MoviesListInteractor.swift; sourceTree = "<group>"; };
		F1A93859249550B2000F703E /* MoviesListWireframe.swift */ = {isa = PBXFileReference; lastKnownFileType = sourcecode.swift; path = MoviesListWireframe.swift; sourceTree = "<group>"; };
		F1A9385B249550C4000F703E /* MoviesListProtocols.swift */ = {isa = PBXFileReference; lastKnownFileType = sourcecode.swift; path = MoviesListProtocols.swift; sourceTree = "<group>"; };
		F1A9385D249550F8000F703E /* MovieDetailViewController.swift */ = {isa = PBXFileReference; lastKnownFileType = sourcecode.swift; path = MovieDetailViewController.swift; sourceTree = "<group>"; };
		F1A9385F24955107000F703E /* MovieDetailPresenter.swift */ = {isa = PBXFileReference; lastKnownFileType = sourcecode.swift; path = MovieDetailPresenter.swift; sourceTree = "<group>"; };
		F1A9386124955116000F703E /* MovieDetailInteractor.swift */ = {isa = PBXFileReference; lastKnownFileType = sourcecode.swift; path = MovieDetailInteractor.swift; sourceTree = "<group>"; };
		F1A9386324955126000F703E /* MovieDetailWireframe.swift */ = {isa = PBXFileReference; lastKnownFileType = sourcecode.swift; path = MovieDetailWireframe.swift; sourceTree = "<group>"; };
		F1A9386524955135000F703E /* MovieDetailProtocols.swift */ = {isa = PBXFileReference; lastKnownFileType = sourcecode.swift; path = MovieDetailProtocols.swift; sourceTree = "<group>"; };
/* End PBXFileReference section */

/* Begin PBXFrameworksBuildPhase section */
		F1A937F22495468B000F703E /* Frameworks */ = {
			isa = PBXFrameworksBuildPhase;
			buildActionMask = 2147483647;
			files = (
			);
			runOnlyForDeploymentPostprocessing = 0;
		};
		F1A938082495468C000F703E /* Frameworks */ = {
			isa = PBXFrameworksBuildPhase;
			buildActionMask = 2147483647;
			files = (
			);
			runOnlyForDeploymentPostprocessing = 0;
		};
		F1A938132495468C000F703E /* Frameworks */ = {
			isa = PBXFrameworksBuildPhase;
			buildActionMask = 2147483647;
			files = (
			);
			runOnlyForDeploymentPostprocessing = 0;
		};
/* End PBXFrameworksBuildPhase section */

/* Begin PBXGroup section */
		F1A937EC2495468B000F703E = {
			isa = PBXGroup;
			children = (
				F1A937F72495468B000F703E /* movies */,
				F1A9380E2495468C000F703E /* moviesTests */,
				F1A938192495468C000F703E /* moviesUITests */,
				F1A937F62495468B000F703E /* Products */,
			);
			sourceTree = "<group>";
		};
		F1A937F62495468B000F703E /* Products */ = {
			isa = PBXGroup;
			children = (
				F1A937F52495468B000F703E /* movies.app */,
				F1A9380B2495468C000F703E /* moviesTests.xctest */,
				F1A938162495468C000F703E /* moviesUITests.xctest */,
			);
			name = Products;
			sourceTree = "<group>";
		};
		F1A937F72495468B000F703E /* movies */ = {
			isa = PBXGroup;
			children = (
				F1A9382A24954C04000F703E /* Modules */,
				F1A9382824954BDE000F703E /* Configuration */,
				F1A9382924954BF5000F703E /* Storyboards */,
				F1A9382B24954C45000F703E /* Supporting Files */,
				F1A938062495468C000F703E /* Info.plist */,
			);
			path = movies;
			sourceTree = "<group>";
		};
		F1A9380E2495468C000F703E /* moviesTests */ = {
			isa = PBXGroup;
			children = (
				F1A9380F2495468C000F703E /* moviesTests.swift */,
				F1A938112495468C000F703E /* Info.plist */,
			);
			path = moviesTests;
			sourceTree = "<group>";
		};
		F1A938192495468C000F703E /* moviesUITests */ = {
			isa = PBXGroup;
			children = (
				F1A9381A2495468C000F703E /* moviesUITests.swift */,
				F1A9381C2495468C000F703E /* Info.plist */,
			);
			path = moviesUITests;
			sourceTree = "<group>";
		};
		F1A9382824954BDE000F703E /* Configuration */ = {
			isa = PBXGroup;
			children = (
				F1A937F82495468B000F703E /* AppDelegate.swift */,
				F1A937FA2495468B000F703E /* SceneDelegate.swift */,
			);
			path = Configuration;
			sourceTree = "<group>";
		};
		F1A9382924954BF5000F703E /* Storyboards */ = {
			isa = PBXGroup;
			children = (
				F1A937FE2495468B000F703E /* Main.storyboard */,
				F1A938032495468C000F703E /* LaunchScreen.storyboard */,
			);
			path = Storyboards;
			sourceTree = "<group>";
		};
		F1A9382A24954C04000F703E /* Modules */ = {
			isa = PBXGroup;
			children = (
				F1A9382F24954CAC000F703E /* Movie Detail */,
				F1A9382E24954C9C000F703E /* Movies List */,
				F1A9382D24954C64000F703E /* Splash */,
				F1A9382C24954C56000F703E /* Root Navigation */,
			);
			path = Modules;
			sourceTree = "<group>";
		};
		F1A9382B24954C45000F703E /* Supporting Files */ = {
			isa = PBXGroup;
			children = (
				F1A938012495468C000F703E /* Assets.xcassets */,
			);
			path = "Supporting Files";
			sourceTree = "<group>";
		};
		F1A9382C24954C56000F703E /* Root Navigation */ = {
			isa = PBXGroup;
			children = (
				F1A9384224954ED4000F703E /* Protocols */,
				F1A9384124954EC7000F703E /* Wireframe */,
				F1A9384024954EC2000F703E /* View */,
			);
			path = "Root Navigation";
			sourceTree = "<group>";
		};
		F1A9382D24954C64000F703E /* Splash */ = {
			isa = PBXGroup;
			children = (
				F1A9383424954E2A000F703E /* Wireframe */,
				F1A9383324954E24000F703E /* Protocols */,
				F1A9383224954E1D000F703E /* Interactor */,
				F1A9383124954E17000F703E /* Presenter */,
				F1A9383024954E12000F703E /* View */,
			);
			path = Splash;
			sourceTree = "<group>";
		};
		F1A9382E24954C9C000F703E /* Movies List */ = {
			isa = PBXGroup;
			children = (
				F1A9383924954E55000F703E /* Protocols */,
				F1A9383824954E49000F703E /* Wireframe */,
				F1A9383724954E43000F703E /* Interactor */,
				F1A9383624954E3E000F703E /* Presenter */,
				F1A9383524954E32000F703E /* View */,
			);
			path = "Movies List";
			sourceTree = "<group>";
		};
		F1A9382F24954CAC000F703E /* Movie Detail */ = {
			isa = PBXGroup;
			children = (
				F1A9383E24954E76000F703E /* Protocols */,
				F1A9383D24954E6F000F703E /* Wireframe */,
				F1A9383C24954E69000F703E /* Interactor */,
				F1A9383B24954E63000F703E /* Presenter */,
				F1A9383A24954E5E000F703E /* View */,
			);
			path = "Movie Detail";
			sourceTree = "<group>";
		};
		F1A9383024954E12000F703E /* View */ = {
			isa = PBXGroup;
			children = (
				F1A9384924954FC6000F703E /* SplashViewController.swift */,
			);
			path = View;
			sourceTree = "<group>";
		};
		F1A9383124954E17000F703E /* Presenter */ = {
			isa = PBXGroup;
			children = (
				F1A9384B24954FDE000F703E /* SplashPresenter.swift */,
			);
			path = Presenter;
			sourceTree = "<group>";
		};
		F1A9383224954E1D000F703E /* Interactor */ = {
			isa = PBXGroup;
			children = (
				F1A9384D24954FF2000F703E /* SplashInteractor.swift */,
			);
			path = Interactor;
			sourceTree = "<group>";
		};
		F1A9383324954E24000F703E /* Protocols */ = {
			isa = PBXGroup;
			children = (
				F1A9384F24955005000F703E /* SplashProtocol.swift */,
			);
			path = Protocols;
			sourceTree = "<group>";
		};
		F1A9383424954E2A000F703E /* Wireframe */ = {
			isa = PBXGroup;
			children = (
				F1A9385124955019000F703E /* SplashWireframe.swift */,
			);
			path = Wireframe;
			sourceTree = "<group>";
		};
		F1A9383524954E32000F703E /* View */ = {
			isa = PBXGroup;
			children = (
				F1A938532495507B000F703E /* MoviesListViewController.swift */,
			);
			path = View;
			sourceTree = "<group>";
		};
		F1A9383624954E3E000F703E /* Presenter */ = {
			isa = PBXGroup;
			children = (
				F1A938552495508F000F703E /* MoviesListPresenter.swift */,
			);
			path = Presenter;
			sourceTree = "<group>";
		};
		F1A9383724954E43000F703E /* Interactor */ = {
			isa = PBXGroup;
			children = (
				F1A93857249550A0000F703E /* MoviesListInteractor.swift */,
			);
			path = Interactor;
			sourceTree = "<group>";
		};
		F1A9383824954E49000F703E /* Wireframe */ = {
			isa = PBXGroup;
			children = (
				F1A93859249550B2000F703E /* MoviesListWireframe.swift */,
			);
			path = Wireframe;
			sourceTree = "<group>";
		};
		F1A9383924954E55000F703E /* Protocols */ = {
			isa = PBXGroup;
			children = (
				F1A9385B249550C4000F703E /* MoviesListProtocols.swift */,
			);
			path = Protocols;
			sourceTree = "<group>";
		};
		F1A9383A24954E5E000F703E /* View */ = {
			isa = PBXGroup;
			children = (
				F1A9385D249550F8000F703E /* MovieDetailViewController.swift */,
			);
			path = View;
			sourceTree = "<group>";
		};
		F1A9383B24954E63000F703E /* Presenter */ = {
			isa = PBXGroup;
			children = (
				F1A9385F24955107000F703E /* MovieDetailPresenter.swift */,
			);
			path = Presenter;
			sourceTree = "<group>";
		};
		F1A9383C24954E69000F703E /* Interactor */ = {
			isa = PBXGroup;
			children = (
				F1A9386124955116000F703E /* MovieDetailInteractor.swift */,
			);
			path = Interactor;
			sourceTree = "<group>";
		};
		F1A9383D24954E6F000F703E /* Wireframe */ = {
			isa = PBXGroup;
			children = (
				F1A9386324955126000F703E /* MovieDetailWireframe.swift */,
			);
			path = Wireframe;
			sourceTree = "<group>";
		};
		F1A9383E24954E76000F703E /* Protocols */ = {
			isa = PBXGroup;
			children = (
				F1A9386524955135000F703E /* MovieDetailProtocols.swift */,
			);
			path = Protocols;
			sourceTree = "<group>";
		};
		F1A9384024954EC2000F703E /* View */ = {
			isa = PBXGroup;
			children = (
				F1A9384324954F39000F703E /* SplitViewController.swift */,
			);
			path = View;
			sourceTree = "<group>";
		};
		F1A9384124954EC7000F703E /* Wireframe */ = {
			isa = PBXGroup;
			children = (
				F1A9384524954F61000F703E /* SplitWireframe.swift */,
			);
			path = Wireframe;
			sourceTree = "<group>";
		};
		F1A9384224954ED4000F703E /* Protocols */ = {
			isa = PBXGroup;
			children = (
				F1A9384724954F99000F703E /* SplitProtocols.swift */,
			);
			path = Protocols;
			sourceTree = "<group>";
		};
/* End PBXGroup section */

/* Begin PBXNativeTarget section */
		F1A937F42495468B000F703E /* movies */ = {
			isa = PBXNativeTarget;
			buildConfigurationList = F1A9381F2495468C000F703E /* Build configuration list for PBXNativeTarget "movies" */;
			buildPhases = (
				F1A937F12495468B000F703E /* Sources */,
				F1A937F22495468B000F703E /* Frameworks */,
				F1A937F32495468B000F703E /* Resources */,
			);
			buildRules = (
			);
			dependencies = (
			);
			name = movies;
			productName = movies;
			productReference = F1A937F52495468B000F703E /* movies.app */;
			productType = "com.apple.product-type.application";
		};
		F1A9380A2495468C000F703E /* moviesTests */ = {
			isa = PBXNativeTarget;
			buildConfigurationList = F1A938222495468C000F703E /* Build configuration list for PBXNativeTarget "moviesTests" */;
			buildPhases = (
				F1A938072495468C000F703E /* Sources */,
				F1A938082495468C000F703E /* Frameworks */,
				F1A938092495468C000F703E /* Resources */,
			);
			buildRules = (
			);
			dependencies = (
				F1A9380D2495468C000F703E /* PBXTargetDependency */,
			);
			name = moviesTests;
			productName = moviesTests;
			productReference = F1A9380B2495468C000F703E /* moviesTests.xctest */;
			productType = "com.apple.product-type.bundle.unit-test";
		};
		F1A938152495468C000F703E /* moviesUITests */ = {
			isa = PBXNativeTarget;
			buildConfigurationList = F1A938252495468C000F703E /* Build configuration list for PBXNativeTarget "moviesUITests" */;
			buildPhases = (
				F1A938122495468C000F703E /* Sources */,
				F1A938132495468C000F703E /* Frameworks */,
				F1A938142495468C000F703E /* Resources */,
			);
			buildRules = (
			);
			dependencies = (
				F1A938182495468C000F703E /* PBXTargetDependency */,
			);
			name = moviesUITests;
			productName = moviesUITests;
			productReference = F1A938162495468C000F703E /* moviesUITests.xctest */;
			productType = "com.apple.product-type.bundle.ui-testing";
		};
/* End PBXNativeTarget section */

/* Begin PBXProject section */
		F1A937ED2495468B000F703E /* Project object */ = {
			isa = PBXProject;
			attributes = {
				LastSwiftUpdateCheck = 1130;
				LastUpgradeCheck = 1130;
				ORGANIZATIONNAME = SWVL;
				TargetAttributes = {
					F1A937F42495468B000F703E = {
						CreatedOnToolsVersion = 11.3;
					};
					F1A9380A2495468C000F703E = {
						CreatedOnToolsVersion = 11.3;
						TestTargetID = F1A937F42495468B000F703E;
					};
					F1A938152495468C000F703E = {
						CreatedOnToolsVersion = 11.3;
						TestTargetID = F1A937F42495468B000F703E;
					};
				};
			};
			buildConfigurationList = F1A937F02495468B000F703E /* Build configuration list for PBXProject "movies" */;
			compatibilityVersion = "Xcode 9.3";
			developmentRegion = en;
			hasScannedForEncodings = 0;
			knownRegions = (
				en,
				Base,
			);
			mainGroup = F1A937EC2495468B000F703E;
			productRefGroup = F1A937F62495468B000F703E /* Products */;
			projectDirPath = "";
			projectRoot = "";
			targets = (
				F1A937F42495468B000F703E /* movies */,
				F1A9380A2495468C000F703E /* moviesTests */,
				F1A938152495468C000F703E /* moviesUITests */,
			);
		};
/* End PBXProject section */

/* Begin PBXResourcesBuildPhase section */
		F1A937F32495468B000F703E /* Resources */ = {
			isa = PBXResourcesBuildPhase;
			buildActionMask = 2147483647;
			files = (
				F1A938052495468C000F703E /* LaunchScreen.storyboard in Resources */,
				F1A938022495468C000F703E /* Assets.xcassets in Resources */,
				F1A938002495468B000F703E /* Main.storyboard in Resources */,
			);
			runOnlyForDeploymentPostprocessing = 0;
		};
		F1A938092495468C000F703E /* Resources */ = {
			isa = PBXResourcesBuildPhase;
			buildActionMask = 2147483647;
			files = (
			);
			runOnlyForDeploymentPostprocessing = 0;
		};
		F1A938142495468C000F703E /* Resources */ = {
			isa = PBXResourcesBuildPhase;
			buildActionMask = 2147483647;
			files = (
			);
			runOnlyForDeploymentPostprocessing = 0;
		};
/* End PBXResourcesBuildPhase section */

/* Begin PBXSourcesBuildPhase section */
		F1A937F12495468B000F703E /* Sources */ = {
			isa = PBXSourcesBuildPhase;
			buildActionMask = 2147483647;
			files = (
				F1A938542495507B000F703E /* MoviesListViewController.swift in Sources */,
				F1A937F92495468B000F703E /* AppDelegate.swift in Sources */,
				F1A9384C24954FDE000F703E /* SplashPresenter.swift in Sources */,
				F1A93858249550A0000F703E /* MoviesListInteractor.swift in Sources */,
				F1A9384624954F61000F703E /* SplitWireframe.swift in Sources */,
				F1A9385C249550C4000F703E /* MoviesListProtocols.swift in Sources */,
				F1A9385224955019000F703E /* SplashWireframe.swift in Sources */,
				F1A937FB2495468B000F703E /* SceneDelegate.swift in Sources */,
				F1A9385024955005000F703E /* SplashProtocol.swift in Sources */,
				F1A9384A24954FC6000F703E /* SplashViewController.swift in Sources */,
				F1A9386424955126000F703E /* MovieDetailWireframe.swift in Sources */,
				F1A9384824954F99000F703E /* SplitProtocols.swift in Sources */,
				F1A9386024955107000F703E /* MovieDetailPresenter.swift in Sources */,
				F1A9386624955135000F703E /* MovieDetailProtocols.swift in Sources */,
				F1A9384424954F39000F703E /* SplitViewController.swift in Sources */,
				F1A9385E249550F8000F703E /* MovieDetailViewController.swift in Sources */,
				F1A9386224955116000F703E /* MovieDetailInteractor.swift in Sources */,
				F1A9384E24954FF2000F703E /* SplashInteractor.swift in Sources */,
				F1A938562495508F000F703E /* MoviesListPresenter.swift in Sources */,
				F1A9385A249550B2000F703E /* MoviesListWireframe.swift in Sources */,
			);
			runOnlyForDeploymentPostprocessing = 0;
		};
		F1A938072495468C000F703E /* Sources */ = {
			isa = PBXSourcesBuildPhase;
			buildActionMask = 2147483647;
			files = (
				F1A938102495468C000F703E /* moviesTests.swift in Sources */,
			);
			runOnlyForDeploymentPostprocessing = 0;
		};
		F1A938122495468C000F703E /* Sources */ = {
			isa = PBXSourcesBuildPhase;
			buildActionMask = 2147483647;
			files = (
				F1A9381B2495468C000F703E /* moviesUITests.swift in Sources */,
			);
			runOnlyForDeploymentPostprocessing = 0;
		};
/* End PBXSourcesBuildPhase section */

/* Begin PBXTargetDependency section */
		F1A9380D2495468C000F703E /* PBXTargetDependency */ = {
			isa = PBXTargetDependency;
			target = F1A937F42495468B000F703E /* movies */;
			targetProxy = F1A9380C2495468C000F703E /* PBXContainerItemProxy */;
		};
		F1A938182495468C000F703E /* PBXTargetDependency */ = {
			isa = PBXTargetDependency;
			target = F1A937F42495468B000F703E /* movies */;
			targetProxy = F1A938172495468C000F703E /* PBXContainerItemProxy */;
		};
/* End PBXTargetDependency section */

/* Begin PBXVariantGroup section */
		F1A937FE2495468B000F703E /* Main.storyboard */ = {
			isa = PBXVariantGroup;
			children = (
				F1A937FF2495468B000F703E /* Base */,
			);
			name = Main.storyboard;
			sourceTree = "<group>";
		};
		F1A938032495468C000F703E /* LaunchScreen.storyboard */ = {
			isa = PBXVariantGroup;
			children = (
				F1A938042495468C000F703E /* Base */,
			);
			name = LaunchScreen.storyboard;
			sourceTree = "<group>";
		};
/* End PBXVariantGroup section */

/* Begin XCBuildConfiguration section */
		F1A9381D2495468C000F703E /* Debug */ = {
			isa = XCBuildConfiguration;
			buildSettings = {
				ALWAYS_SEARCH_USER_PATHS = NO;
				CLANG_ANALYZER_NONNULL = YES;
				CLANG_ANALYZER_NUMBER_OBJECT_CONVERSION = YES_AGGRESSIVE;
				CLANG_CXX_LANGUAGE_STANDARD = "gnu++14";
				CLANG_CXX_LIBRARY = "libc++";
				CLANG_ENABLE_MODULES = YES;
				CLANG_ENABLE_OBJC_ARC = YES;
				CLANG_ENABLE_OBJC_WEAK = YES;
				CLANG_WARN_BLOCK_CAPTURE_AUTORELEASING = YES;
				CLANG_WARN_BOOL_CONVERSION = YES;
				CLANG_WARN_COMMA = YES;
				CLANG_WARN_CONSTANT_CONVERSION = YES;
				CLANG_WARN_DEPRECATED_OBJC_IMPLEMENTATIONS = YES;
				CLANG_WARN_DIRECT_OBJC_ISA_USAGE = YES_ERROR;
				CLANG_WARN_DOCUMENTATION_COMMENTS = YES;
				CLANG_WARN_EMPTY_BODY = YES;
				CLANG_WARN_ENUM_CONVERSION = YES;
				CLANG_WARN_INFINITE_RECURSION = YES;
				CLANG_WARN_INT_CONVERSION = YES;
				CLANG_WARN_NON_LITERAL_NULL_CONVERSION = YES;
				CLANG_WARN_OBJC_IMPLICIT_RETAIN_SELF = YES;
				CLANG_WARN_OBJC_LITERAL_CONVERSION = YES;
				CLANG_WARN_OBJC_ROOT_CLASS = YES_ERROR;
				CLANG_WARN_RANGE_LOOP_ANALYSIS = YES;
				CLANG_WARN_STRICT_PROTOTYPES = YES;
				CLANG_WARN_SUSPICIOUS_MOVE = YES;
				CLANG_WARN_UNGUARDED_AVAILABILITY = YES_AGGRESSIVE;
				CLANG_WARN_UNREACHABLE_CODE = YES;
				CLANG_WARN__DUPLICATE_METHOD_MATCH = YES;
				COPY_PHASE_STRIP = NO;
				DEBUG_INFORMATION_FORMAT = dwarf;
				ENABLE_STRICT_OBJC_MSGSEND = YES;
				ENABLE_TESTABILITY = YES;
				GCC_C_LANGUAGE_STANDARD = gnu11;
				GCC_DYNAMIC_NO_PIC = NO;
				GCC_NO_COMMON_BLOCKS = YES;
				GCC_OPTIMIZATION_LEVEL = 0;
				GCC_PREPROCESSOR_DEFINITIONS = (
					"DEBUG=1",
					"$(inherited)",
				);
				GCC_WARN_64_TO_32_BIT_CONVERSION = YES;
				GCC_WARN_ABOUT_RETURN_TYPE = YES_ERROR;
				GCC_WARN_UNDECLARED_SELECTOR = YES;
				GCC_WARN_UNINITIALIZED_AUTOS = YES_AGGRESSIVE;
				GCC_WARN_UNUSED_FUNCTION = YES;
				GCC_WARN_UNUSED_VARIABLE = YES;
				IPHONEOS_DEPLOYMENT_TARGET = 13.2;
				MTL_ENABLE_DEBUG_INFO = INCLUDE_SOURCE;
				MTL_FAST_MATH = YES;
				ONLY_ACTIVE_ARCH = YES;
				SDKROOT = iphoneos;
				SWIFT_ACTIVE_COMPILATION_CONDITIONS = DEBUG;
				SWIFT_OPTIMIZATION_LEVEL = "-Onone";
			};
			name = Debug;
		};
		F1A9381E2495468C000F703E /* Release */ = {
			isa = XCBuildConfiguration;
			buildSettings = {
				ALWAYS_SEARCH_USER_PATHS = NO;
				CLANG_ANALYZER_NONNULL = YES;
				CLANG_ANALYZER_NUMBER_OBJECT_CONVERSION = YES_AGGRESSIVE;
				CLANG_CXX_LANGUAGE_STANDARD = "gnu++14";
				CLANG_CXX_LIBRARY = "libc++";
				CLANG_ENABLE_MODULES = YES;
				CLANG_ENABLE_OBJC_ARC = YES;
				CLANG_ENABLE_OBJC_WEAK = YES;
				CLANG_WARN_BLOCK_CAPTURE_AUTORELEASING = YES;
				CLANG_WARN_BOOL_CONVERSION = YES;
				CLANG_WARN_COMMA = YES;
				CLANG_WARN_CONSTANT_CONVERSION = YES;
				CLANG_WARN_DEPRECATED_OBJC_IMPLEMENTATIONS = YES;
				CLANG_WARN_DIRECT_OBJC_ISA_USAGE = YES_ERROR;
				CLANG_WARN_DOCUMENTATION_COMMENTS = YES;
				CLANG_WARN_EMPTY_BODY = YES;
				CLANG_WARN_ENUM_CONVERSION = YES;
				CLANG_WARN_INFINITE_RECURSION = YES;
				CLANG_WARN_INT_CONVERSION = YES;
				CLANG_WARN_NON_LITERAL_NULL_CONVERSION = YES;
				CLANG_WARN_OBJC_IMPLICIT_RETAIN_SELF = YES;
				CLANG_WARN_OBJC_LITERAL_CONVERSION = YES;
				CLANG_WARN_OBJC_ROOT_CLASS = YES_ERROR;
				CLANG_WARN_RANGE_LOOP_ANALYSIS = YES;
				CLANG_WARN_STRICT_PROTOTYPES = YES;
				CLANG_WARN_SUSPICIOUS_MOVE = YES;
				CLANG_WARN_UNGUARDED_AVAILABILITY = YES_AGGRESSIVE;
				CLANG_WARN_UNREACHABLE_CODE = YES;
				CLANG_WARN__DUPLICATE_METHOD_MATCH = YES;
				COPY_PHASE_STRIP = NO;
				DEBUG_INFORMATION_FORMAT = "dwarf-with-dsym";
				ENABLE_NS_ASSERTIONS = NO;
				ENABLE_STRICT_OBJC_MSGSEND = YES;
				GCC_C_LANGUAGE_STANDARD = gnu11;
				GCC_NO_COMMON_BLOCKS = YES;
				GCC_WARN_64_TO_32_BIT_CONVERSION = YES;
				GCC_WARN_ABOUT_RETURN_TYPE = YES_ERROR;
				GCC_WARN_UNDECLARED_SELECTOR = YES;
				GCC_WARN_UNINITIALIZED_AUTOS = YES_AGGRESSIVE;
				GCC_WARN_UNUSED_FUNCTION = YES;
				GCC_WARN_UNUSED_VARIABLE = YES;
				IPHONEOS_DEPLOYMENT_TARGET = 13.2;
				MTL_ENABLE_DEBUG_INFO = NO;
				MTL_FAST_MATH = YES;
				SDKROOT = iphoneos;
				SWIFT_COMPILATION_MODE = wholemodule;
				SWIFT_OPTIMIZATION_LEVEL = "-O";
				VALIDATE_PRODUCT = YES;
			};
			name = Release;
		};
		F1A938202495468C000F703E /* Debug */ = {
			isa = XCBuildConfiguration;
			buildSettings = {
				ASSETCATALOG_COMPILER_APPICON_NAME = AppIcon;
				CODE_SIGN_STYLE = Automatic;
				INFOPLIST_FILE = movies/Info.plist;
				LD_RUNPATH_SEARCH_PATHS = (
					"$(inherited)",
					"@executable_path/Frameworks",
				);
				PRODUCT_BUNDLE_IDENTIFIER = example.swvl.test.movies;
				PRODUCT_NAME = "$(TARGET_NAME)";
				SWIFT_VERSION = 5.0;
				TARGETED_DEVICE_FAMILY = "1,2";
			};
			name = Debug;
		};
		F1A938212495468C000F703E /* Release */ = {
			isa = XCBuildConfiguration;
			buildSettings = {
				ASSETCATALOG_COMPILER_APPICON_NAME = AppIcon;
				CODE_SIGN_STYLE = Automatic;
				INFOPLIST_FILE = movies/Info.plist;
				LD_RUNPATH_SEARCH_PATHS = (
					"$(inherited)",
					"@executable_path/Frameworks",
				);
				PRODUCT_BUNDLE_IDENTIFIER = example.swvl.test.movies;
				PRODUCT_NAME = "$(TARGET_NAME)";
				SWIFT_VERSION = 5.0;
				TARGETED_DEVICE_FAMILY = "1,2";
			};
			name = Release;
		};
		F1A938232495468C000F703E /* Debug */ = {
			isa = XCBuildConfiguration;
			buildSettings = {
				ALWAYS_EMBED_SWIFT_STANDARD_LIBRARIES = YES;
				BUNDLE_LOADER = "$(TEST_HOST)";
				CODE_SIGN_STYLE = Automatic;
				INFOPLIST_FILE = moviesTests/Info.plist;
				IPHONEOS_DEPLOYMENT_TARGET = 13.2;
				LD_RUNPATH_SEARCH_PATHS = (
					"$(inherited)",
					"@executable_path/Frameworks",
					"@loader_path/Frameworks",
				);
				PRODUCT_BUNDLE_IDENTIFIER = example.swvl.test.moviesTests;
				PRODUCT_NAME = "$(TARGET_NAME)";
				SWIFT_VERSION = 5.0;
				TARGETED_DEVICE_FAMILY = "1,2";
				TEST_HOST = "$(BUILT_PRODUCTS_DIR)/movies.app/movies";
			};
			name = Debug;
		};
		F1A938242495468C000F703E /* Release */ = {
			isa = XCBuildConfiguration;
			buildSettings = {
				ALWAYS_EMBED_SWIFT_STANDARD_LIBRARIES = YES;
				BUNDLE_LOADER = "$(TEST_HOST)";
				CODE_SIGN_STYLE = Automatic;
				INFOPLIST_FILE = moviesTests/Info.plist;
				IPHONEOS_DEPLOYMENT_TARGET = 13.2;
				LD_RUNPATH_SEARCH_PATHS = (
					"$(inherited)",
					"@executable_path/Frameworks",
					"@loader_path/Frameworks",
				);
				PRODUCT_BUNDLE_IDENTIFIER = example.swvl.test.moviesTests;
				PRODUCT_NAME = "$(TARGET_NAME)";
				SWIFT_VERSION = 5.0;
				TARGETED_DEVICE_FAMILY = "1,2";
				TEST_HOST = "$(BUILT_PRODUCTS_DIR)/movies.app/movies";
			};
			name = Release;
		};
		F1A938262495468C000F703E /* Debug */ = {
			isa = XCBuildConfiguration;
			buildSettings = {
				ALWAYS_EMBED_SWIFT_STANDARD_LIBRARIES = YES;
				CODE_SIGN_STYLE = Automatic;
				INFOPLIST_FILE = moviesUITests/Info.plist;
				LD_RUNPATH_SEARCH_PATHS = (
					"$(inherited)",
					"@executable_path/Frameworks",
					"@loader_path/Frameworks",
				);
				PRODUCT_BUNDLE_IDENTIFIER = example.swvl.test.moviesUITests;
				PRODUCT_NAME = "$(TARGET_NAME)";
				SWIFT_VERSION = 5.0;
				TARGETED_DEVICE_FAMILY = "1,2";
				TEST_TARGET_NAME = movies;
			};
			name = Debug;
		};
		F1A938272495468C000F703E /* Release */ = {
			isa = XCBuildConfiguration;
			buildSettings = {
				ALWAYS_EMBED_SWIFT_STANDARD_LIBRARIES = YES;
				CODE_SIGN_STYLE = Automatic;
				INFOPLIST_FILE = moviesUITests/Info.plist;
				LD_RUNPATH_SEARCH_PATHS = (
					"$(inherited)",
					"@executable_path/Frameworks",
					"@loader_path/Frameworks",
				);
				PRODUCT_BUNDLE_IDENTIFIER = example.swvl.test.moviesUITests;
				PRODUCT_NAME = "$(TARGET_NAME)";
				SWIFT_VERSION = 5.0;
				TARGETED_DEVICE_FAMILY = "1,2";
				TEST_TARGET_NAME = movies;
			};
			name = Release;
		};
/* End XCBuildConfiguration section */

/* Begin XCConfigurationList section */
		F1A937F02495468B000F703E /* Build configuration list for PBXProject "movies" */ = {
			isa = XCConfigurationList;
			buildConfigurations = (
				F1A9381D2495468C000F703E /* Debug */,
				F1A9381E2495468C000F703E /* Release */,
			);
			defaultConfigurationIsVisible = 0;
			defaultConfigurationName = Release;
		};
		F1A9381F2495468C000F703E /* Build configuration list for PBXNativeTarget "movies" */ = {
			isa = XCConfigurationList;
			buildConfigurations = (
				F1A938202495468C000F703E /* Debug */,
				F1A938212495468C000F703E /* Release */,
			);
			defaultConfigurationIsVisible = 0;
			defaultConfigurationName = Release;
		};
		F1A938222495468C000F703E /* Build configuration list for PBXNativeTarget "moviesTests" */ = {
			isa = XCConfigurationList;
			buildConfigurations = (
				F1A938232495468C000F703E /* Debug */,
				F1A938242495468C000F703E /* Release */,
			);
			defaultConfigurationIsVisible = 0;
			defaultConfigurationName = Release;
		};
		F1A938252495468C000F703E /* Build configuration list for PBXNativeTarget "moviesUITests" */ = {
			isa = XCConfigurationList;
			buildConfigurations = (
				F1A938262495468C000F703E /* Debug */,
				F1A938272495468C000F703E /* Release */,
			);
			defaultConfigurationIsVisible = 0;
			defaultConfigurationName = Release;
		};
/* End XCConfigurationList section */
	};
	rootObject = F1A937ED2495468B000F703E /* Project object */;
}
